
Microsoft Visual Studio Solution File, Format Version 12.00
# Visual Studio Version 16
VisualStudioVersion = 16.0.32002.261
MinimumVisualStudioVersion = 10.0.40219.1
Project("{FAE04EC0-301F-11D3-BF4B-00C04F79EFBC}") = "pokedex-web", "pokedex-web\pokedex-web.csproj", "{A623E7EB-05A5-4CCA-86C2-DE86143C8C08}"
EndProject
Global
	GlobalSection(SolutionConfigurationPlatforms) = preSolution
		Debug|Any CPU = Debug|Any CPU
		Release|Any CPU = Release|Any CPU
	EndGlobalSection
	GlobalSection(ProjectConfigurationPlatforms) = postSolution
		{A623E7EB-05A5-4CCA-86C2-DE86143C8C08}.Debug|Any CPU.ActiveCfg = Debug|Any CPU
		{A623E7EB-05A5-4CCA-86C2-DE86143C8C08}.Debug|Any CPU.Build.0 = Debug|Any CPU
		{A623E7EB-05A5-4CCA-86C2-DE86143C8C08}.Release|Any CPU.ActiveCfg = Release|Any CPU
		{A623E7EB-05A5-4CCA-86C2-DE86143C8C08}.Release|Any CPU.Build.0 = Release|Any CPU
	EndGlobalSection
	GlobalSection(SolutionProperties) = preSolution
		HideSolutionNode = FALSE
	EndGlobalSection
	GlobalSection(ExtensibilityGlobals) = postSolution
		SolutionGuid = {91641B1D-1A8B-4AF0-99ED-0A21F7528B0B}
	EndGlobalSection
EndGlobal
